<?xml version="1.0" encoding="utf-8"?>
<Project ToolsVersion="4.0" xmlns="http://schemas.microsoft.com/developer/msbuild/2003">
  <ItemGroup>
    <ClCompile Include="src\example_layer.cpp" />
    <ClCompile Include="src\game.cpp" />
    <ClCompile Include="src\pickup.cpp" />
    <ClCompile Include="src\player.cpp" />
    <ClCompile Include="src\pickup_coin.cpp">
      <Filter>pickupables</Filter>
    </ClCompile>
    <ClCompile Include="src\static_object.cpp" />
    <ClCompile Include="src\game_intro.cpp" />
    <ClCompile Include="src\decorations.cpp" />
    <ClCompile Include="src\pickup_heart.cpp">
      <Filter>pickupables</Filter>
    </ClCompile>
    <ClCompile Include="src\pickup_speed.cpp">
      <Filter>pickupables</Filter>
    </ClCompile>
    <ClCompile Include="src\FX\cross_fade.cpp">
      <Filter>FX</Filter>
    </ClCompile>
    <ClCompile Include="src\FX\billboard.cpp">
      <Filter>FX</Filter>
    </ClCompile>
    <ClCompile Include="src\FX\ring.cpp">
      <Filter>FX</Filter>
    </ClCompile>
    <ClCompile Include="src\HUD\coin_icon.cpp">
      <Filter>HUD</Filter>
    </ClCompile>
    <ClCompile Include="src\HUD\health_bar.cpp">
      <Filter>HUD</Filter>
    </ClCompile>
    <ClCompile Include="src\HUD\time_icon.cpp">
      <Filter>HUD</Filter>
    </ClCompile>
    <ClCompile Include="src\hud.cpp" />
    <ClCompile Include="src\enemy_basic.cpp" />
    <ClCompile Include="src\enemy_mech.cpp" />
    <ClCompile Include="src\enemy_lava.cpp" />
    <ClCompile Include="src\enemy_basic_skeleton.cpp" />
    <ClCompile Include="src\enemies\enemy_basic_robot.cpp">
      <Filter>enemies</Filter>
    </ClCompile>
  </ItemGroup>
  <ItemGroup>
    <ClInclude Include="src\example_layer.h" />
    <ClInclude Include="src\pickup.h" />
    <ClInclude Include="src\player.h" />
    <ClInclude Include="src\pickup_coin.h">
      <Filter>pickupables</Filter>
    </ClInclude>
    <ClInclude Include="src\static_object.h" />
    <ClInclude Include="src\game_intro.h" />
    <ClInclude Include="src\decorations.h" />
    <ClInclude Include="src\pickup_heart.h">
      <Filter>pickupables</Filter>
    </ClInclude>
    <ClInclude Include="src\pickup_speed.h">
      <Filter>pickupables</Filter>
    </ClInclude>
    <ClInclude Include="src\FX\cross_fade.h">
      <Filter>FX</Filter>
    </ClInclude>
    <ClInclude Include="src\FX\billboard.h">
      <Filter>FX</Filter>
    </ClInclude>
    <ClInclude Include="src\FX\ring.h">
      <Filter>FX</Filter>
    </ClInclude>
    <ClInclude Include="src\HUD\coin_icon.h">
      <Filter>HUD</Filter>
    </ClInclude>
    <ClInclude Include="src\HUD\health_bar.h">
      <Filter>HUD</Filter>
    </ClInclude>
    <ClInclude Include="src\HUD\time_icon.h">
      <Filter>HUD</Filter>
    </ClInclude>
    <ClInclude Include="src\hud.h" />
    <ClInclude Include="src\enemy_basic.h" />
    <ClInclude Include="src\enemy_mech.h" />
    <ClInclude Include="src\enemy_lava.h" />
    <ClInclude Include="src\enemy_basic_skeleton.h" />
    <ClInclude Include="src\enemies\enemy_basic_robot.h">
      <Filter>enemies</Filter>
    </ClInclude>
  </ItemGroup>
  <ItemGroup>
    <Filter Include="pickupables">
      <UniqueIdentifier>{caa6f12c-75d1-4f63-8b51-51740fdf3906}</UniqueIdentifier>
    </Filter>
    <Filter Include="FX">
      <UniqueIdentifier>{c3734f59-d4e5-47b7-b1af-7be51e35cadf}</UniqueIdentifier>
    </Filter>
    <Filter Include="HUD">
      <UniqueIdentifier>{dde3dd19-b6dc-4ab3-80c7-0803e9ac7d27}</UniqueIdentifier>
    </Filter>
    <Filter Include="enemies">
      <UniqueIdentifier>{a518a568-f49e-457b-a2d4-6bc3db09a720}</UniqueIdentifier>
    </Filter>
  </ItemGroup>
</Project>