<?xml version="1.0" encoding="utf-8"?>
<Project ToolsVersion="4.0" xmlns="http://schemas.microsoft.com/developer/msbuild/2003">
  <ItemGroup>
    <ClCompile Include="src\example_layer.cpp" />
    <ClCompile Include="src\game.cpp" />
    <ClCompile Include="src\pickup.cpp" />
    <ClCompile Include="src\player.cpp" />
    <ClCompile Include="src\pickup_coin.cpp">
      <Filter>pickupables</Filter>
    </ClCompile>
    <ClCompile Include="src\static_object.cpp" />
    <ClCompile Include="src\game_intro.cpp" />
    <ClCompile Include="src\decorations.cpp" />
    <ClCompile Include="src\health_bar.cpp" />
    <ClCompile Include="src\coin_icon.cpp" />
    <ClCompile Include="src\time_icon.cpp" />
    <ClCompile Include="src\pickup_heart.cpp">
      <Filter>pickupables</Filter>
    </ClCompile>
    <ClCompile Include="src\pickup_speed.cpp">
      <Filter>pickupables</Filter>
    </ClCompile>
    <ClCompile Include="src\FX\cross_fade.cpp">
      <Filter>FX</Filter>
    </ClCompile>
  </ItemGroup>
  <ItemGroup>
    <ClInclude Include="src\example_layer.h" />
    <ClInclude Include="src\pickup.h" />
    <ClInclude Include="src\player.h" />
    <ClInclude Include="src\pickup_coin.h">
      <Filter>pickupables</Filter>
    </ClInclude>
    <ClInclude Include="src\static_object.h" />
    <ClInclude Include="src\game_intro.h" />
    <ClInclude Include="src\decorations.h" />
    <ClInclude Include="src\health_bar.h" />
    <ClInclude Include="src\coin_icon.h" />
    <ClInclude Include="src\time_icon.h" />
    <ClInclude Include="src\pickup_heart.h">
      <Filter>pickupables</Filter>
    </ClInclude>
    <ClInclude Include="src\pickup_speed.h">
      <Filter>pickupables</Filter>
    </ClInclude>
    <ClInclude Include="src\FX\cross_fade.h">
      <Filter>FX</Filter>
    </ClInclude>
  </ItemGroup>
  <ItemGroup>
    <Filter Include="pickupables">
      <UniqueIdentifier>{caa6f12c-75d1-4f63-8b51-51740fdf3906}</UniqueIdentifier>
    </Filter>
    <Filter Include="FX">
      <UniqueIdentifier>{c3734f59-d4e5-47b7-b1af-7be51e35cadf}</UniqueIdentifier>
    </Filter>
  </ItemGroup>
</Project>